// !$*UTF8*$!
{
	archiveVersion = 1;
	classes = {
	};
	objectVersion = 46;
	objects = {

/* Begin PBXBuildFile section */
		1F436713220EBCD5005F5566 /* Object.c in Sources */ = {isa = PBXBuildFile; fileRef = 1F436712220EBCD5005F5566 /* Object.c */; };
		1F436716220EBCDF005F5566 /* Type.c in Sources */ = {isa = PBXBuildFile; fileRef = 1F436715220EBCDF005F5566 /* Type.c */; };
		1FC8F63B1AF7E50C00CA2AC0 /* main.c in Sources */ = {isa = PBXBuildFile; fileRef = 1FC8F63A1AF7E50C00CA2AC0 /* main.c */; };
/* End PBXBuildFile section */

/* Begin PBXCopyFilesBuildPhase section */
		1FC8F6351AF7E50C00CA2AC0 /* CopyFiles */ = {
			isa = PBXCopyFilesBuildPhase;
			buildActionMask = 2147483647;
			dstPath = /usr/share/man/man1/;
			dstSubfolderSpec = 0;
			files = (
			);
			runOnlyForDeploymentPostprocessing = 1;
		};
/* End PBXCopyFilesBuildPhase section */

/* Begin PBXFileReference section */
		1F436711220EBCD5005F5566 /* Object.h */ = {isa = PBXFileReference; lastKnownFileType = sourcecode.c.h; path = Object.h; sourceTree = "<group>"; };
		1F436712220EBCD5005F5566 /* Object.c */ = {isa = PBXFileReference; lastKnownFileType = sourcecode.c.c; path = Object.c; sourceTree = "<group>"; };
		1F436714220EBCDF005F5566 /* Type.h */ = {isa = PBXFileReference; lastKnownFileType = sourcecode.c.h; path = Type.h; sourceTree = "<group>"; };
		1F436715220EBCDF005F5566 /* Type.c */ = {isa = PBXFileReference; lastKnownFileType = sourcecode.c.c; path = Type.c; sourceTree = "<group>"; };
		1FC8F6371AF7E50C00CA2AC0 /* OOP_In_C */ = {isa = PBXFileReference; explicitFileType = "compiled.mach-o.executable"; includeInIndex = 0; path = OOP_In_C; sourceTree = BUILT_PRODUCTS_DIR; };
		1FC8F63A1AF7E50C00CA2AC0 /* main.c */ = {isa = PBXFileReference; lastKnownFileType = sourcecode.c.c; path = main.c; sourceTree = "<group>"; };
/* End PBXFileReference section */

/* Begin PBXFrameworksBuildPhase section */
		1FC8F6341AF7E50C00CA2AC0 /* Frameworks */ = {
			isa = PBXFrameworksBuildPhase;
			buildActionMask = 2147483647;
			files = (
			);
			runOnlyForDeploymentPostprocessing = 0;
		};
/* End PBXFrameworksBuildPhase section */

/* Begin PBXGroup section */
		1F436710220EBCAF005F5566 /* OOC */ = {
			isa = PBXGroup;
			children = (
				1F436711220EBCD5005F5566 /* Object.h */,
				1F436712220EBCD5005F5566 /* Object.c */,
				1F436714220EBCDF005F5566 /* Type.h */,
				1F436715220EBCDF005F5566 /* Type.c */,
			);
			path = OOC;
			sourceTree = "<group>";
		};
		1FC8F62E1AF7E50C00CA2AC0 = {
			isa = PBXGroup;
			children = (
				1FC8F6391AF7E50C00CA2AC0 /* OOP_In_C */,
				1FC8F6381AF7E50C00CA2AC0 /* Products */,
			);
			sourceTree = "<group>";
		};
		1FC8F6381AF7E50C00CA2AC0 /* Products */ = {
			isa = PBXGroup;
			children = (
				1FC8F6371AF7E50C00CA2AC0 /* OOP_In_C */,
			);
			name = Products;
			sourceTree = "<group>";
		};
		1FC8F6391AF7E50C00CA2AC0 /* OOP_In_C */ = {
			isa = PBXGroup;
			children = (
				1F436710220EBCAF005F5566 /* OOC */,
				1FC8F63A1AF7E50C00CA2AC0 /* main.c */,
			);
			path = OOP_In_C;
			sourceTree = "<group>";
		};
/* End PBXGroup section */

/* Begin PBXNativeTarget section */
		1FC8F6361AF7E50C00CA2AC0 /* OOP_In_C */ = {
			isa = PBXNativeTarget;
			buildConfigurationList = 1FC8F63E1AF7E50C00CA2AC0 /* Build configuration list for PBXNativeTarget "OOP_In_C" */;
			buildPhases = (
				1FC8F6331AF7E50C00CA2AC0 /* Sources */,
				1FC8F6341AF7E50C00CA2AC0 /* Frameworks */,
				1FC8F6351AF7E50C00CA2AC0 /* CopyFiles */,
			);
			buildRules = (
			);
			dependencies = (
			);
			name = OOP_In_C;
			productName = OOP_In_C;
			productReference = 1FC8F6371AF7E50C00CA2AC0 /* OOP_In_C */;
			productType = "com.apple.product-type.tool";
		};
/* End PBXNativeTarget section */

/* Begin PBXProject section */
		1FC8F62F1AF7E50C00CA2AC0 /* Project object */ = {
			isa = PBXProject;
			attributes = {
				LastUpgradeCheck = 0610;
				ORGANIZATIONNAME = "su xinde";
				TargetAttributes = {
					1FC8F6361AF7E50C00CA2AC0 = {
						CreatedOnToolsVersion = 6.1;
					};
				};
			};
			buildConfigurationList = 1FC8F6321AF7E50C00CA2AC0 /* Build configuration list for PBXProject "OOP_In_C" */;
			compatibilityVersion = "Xcode 3.2";
			developmentRegion = English;
			hasScannedForEncodings = 0;
			knownRegions = (
				en,
			);
			mainGroup = 1FC8F62E1AF7E50C00CA2AC0;
			productRefGroup = 1FC8F6381AF7E50C00CA2AC0 /* Products */;
			projectDirPath = "";
			projectRoot = "";
			targets = (
				1FC8F6361AF7E50C00CA2AC0 /* OOP_In_C */,
			);
		};
/* End PBXProject section */

/* Begin PBXSourcesBuildPhase section */
		1FC8F6331AF7E50C00CA2AC0 /* Sources */ = {
			isa = PBXSourcesBuildPhase;
			buildActionMask = 2147483647;
			files = (
				1F436713220EBCD5005F5566 /* Object.c in Sources */,
				1FC8F63B1AF7E50C00CA2AC0 /* main.c in Sources */,
				1F436716220EBCDF005F5566 /* Type.c in Sources */,
			);
			runOnlyForDeploymentPostprocessing = 0;
		};
/* End PBXSourcesBuildPhase section */

/* Begin XCBuildConfiguration section */
		1FC8F63C1AF7E50C00CA2AC0 /* Debug */ = {
			isa = XCBuildConfiguration;
			buildSettings = {
				ALWAYS_SEARCH_USER_PATHS = NO;
				CLANG_CXX_LANGUAGE_STANDARD = "gnu++0x";
				CLANG_CXX_LIBRARY = "libc++";
				CLANG_ENABLE_MODULES = YES;
				CLANG_ENABLE_OBJC_ARC = YES;
				CLANG_WARN_BOOL_CONVERSION = YES;
				CLANG_WARN_CONSTANT_CONVERSION = YES;
				CLANG_WARN_DIRECT_OBJC_ISA_USAGE = YES_ERROR;
				CLANG_WARN_EMPTY_BODY = YES;
				CLANG_WARN_ENUM_CONVERSION = YES;
				CLANG_WARN_INT_CONVERSION = YES;
				CLANG_WARN_OBJC_ROOT_CLASS = YES_ERROR;
				CLANG_WARN_UNREACHABLE_CODE = YES;
				CLANG_WARN__DUPLICATE_METHOD_MATCH = YES;
				COPY_PHASE_STRIP = NO;
				ENABLE_STRICT_OBJC_MSGSEND = YES;
				GCC_C_LANGUAGE_STANDARD = gnu99;
				GCC_DYNAMIC_NO_PIC = NO;
				GCC_OPTIMIZATION_LEVEL = 0;
				GCC_PREPROCESSOR_DEFINITIONS = (
					"DEBUG=1",
					"$(inherited)",
				);
				GCC_SYMBOLS_PRIVATE_EXTERN = NO;
				GCC_WARN_64_TO_32_BIT_CONVERSION = YES;
				GCC_WARN_ABOUT_RETURN_TYPE = YES_ERROR;
				GCC_WARN_UNDECLARED_SELECTOR = YES;
				GCC_WARN_UNINITIALIZED_AUTOS = YES_AGGRESSIVE;
				GCC_WARN_UNUSED_FUNCTION = YES;
				GCC_WARN_UNUSED_VARIABLE = YES;
				MACOSX_DEPLOYMENT_TARGET = 10.10;
				MTL_ENABLE_DEBUG_INFO = YES;
				ONLY_ACTIVE_ARCH = YES;
				SDKROOT = macosx;
			};
			name = Debug;
		};
		1FC8F63D1AF7E50C00CA2AC0 /* Release */ = {
			isa = XCBuildConfiguration;
			buildSettings = {
				ALWAYS_SEARCH_USER_PATHS = NO;
				CLANG_CXX_LANGUAGE_STANDARD = "gnu++0x";
				CLANG_CXX_LIBRARY = "libc++";
				CLANG_ENABLE_MODULES = YES;
				CLANG_ENABLE_OBJC_ARC = YES;
				CLANG_WARN_BOOL_CONVERSION = YES;
				CLANG_WARN_CONSTANT_CONVERSION = YES;
				CLANG_WARN_DIRECT_OBJC_ISA_USAGE = YES_ERROR;
				CLANG_WARN_EMPTY_BODY = YES;
				CLANG_WARN_ENUM_CONVERSION = YES;
				CLANG_WARN_INT_CONVERSION = YES;
				CLANG_WARN_OBJC_ROOT_CLASS = YES_ERROR;
				CLANG_WARN_UNREACHABLE_CODE = YES;
				CLANG_WARN__DUPLICATE_METHOD_MATCH = YES;
				COPY_PHASE_STRIP = YES;
				DEBUG_INFORMATION_FORMAT = "dwarf-with-dsym";
				ENABLE_NS_ASSERTIONS = NO;
				ENABLE_STRICT_OBJC_MSGSEND = YES;
				GCC_C_LANGUAGE_STANDARD = gnu99;
				GCC_WARN_64_TO_32_BIT_CONVERSION = YES;
				GCC_WARN_ABOUT_RETURN_TYPE = YES_ERROR;
				GCC_WARN_UNDECLARED_SELECTOR = YES;
				GCC_WARN_UNINITIALIZED_AUTOS = YES_AGGRESSIVE;
				GCC_WARN_UNUSED_FUNCTION = YES;
				GCC_WARN_UNUSED_VARIABLE = YES;
				MACOSX_DEPLOYMENT_TARGET = 10.10;
				MTL_ENABLE_DEBUG_INFO = NO;
				SDKROOT = macosx;
			};
			name = Release;
		};
		1FC8F63F1AF7E50C00CA2AC0 /* Debug */ = {
			isa = XCBuildConfiguration;
			buildSettings = {
				PRODUCT_NAME = "$(TARGET_NAME)";
			};
			name = Debug;
		};
		1FC8F6401AF7E50C00CA2AC0 /* Release */ = {
			isa = XCBuildConfiguration;
			buildSettings = {
				PRODUCT_NAME = "$(TARGET_NAME)";
			};
			name = Release;
		};
/* End XCBuildConfiguration section */

/* Begin XCConfigurationList section */
		1FC8F6321AF7E50C00CA2AC0 /* Build configuration list for PBXProject "OOP_In_C" */ = {
			isa = XCConfigurationList;
			buildConfigurations = (
				1FC8F63C1AF7E50C00CA2AC0 /* Debug */,
				1FC8F63D1AF7E50C00CA2AC0 /* Release */,
			);
			defaultConfigurationIsVisible = 0;
			defaultConfigurationName = Release;
		};
		1FC8F63E1AF7E50C00CA2AC0 /* Build configuration list for PBXNativeTarget "OOP_In_C" */ = {
			isa = XCConfigurationList;
			buildConfigurations = (
				1FC8F63F1AF7E50C00CA2AC0 /* Debug */,
				1FC8F6401AF7E50C00CA2AC0 /* Release */,
			);
			defaultConfigurationIsVisible = 0;
			defaultConfigurationName = Release;
		};
/* End XCConfigurationList section */
	};
	rootObject = 1FC8F62F1AF7E50C00CA2AC0 /* Project object */;
}
